{
  "name": "Notist",
  "lockfileVersion": 3,
  "requires": true,
  "packages": {
    "": {
      "dependencies": {
        "@types/highlight.js": "^9.12.4",
        "highlight.js": "^11.11.1",
        "marked-highlight": "^2.2.2",
        "normalize.css": "^8.0.1"
      }
    },
    "node_modules/@types/highlight.js": {
      "version": "9.12.4",
      "resolved": "https://registry.npmjs.org/@types/highlight.js/-/highlight.js-9.12.4.tgz",
      "integrity": "sha512-t2szdkwmg2JJyuCM20e8kR2X59WCE5Zkl4bzm1u1Oukjm79zpbiAv+QjnwLnuuV0WHEcX2NgUItu0pAMKuOPww==",
      "license": "MIT"
    },
    "node_modules/highlight.js": {
      "version": "11.11.1",
      "resolved": "https://registry.npmjs.org/highlight.js/-/highlight.js-11.11.1.tgz",
      "integrity": "sha512-Xwwo44whKBVCYoliBQwaPvtd/2tYFkRQtXDWj1nackaV2JPXx3L0+Jvd8/qCJ2p+ML0/XVkJ2q+Mr+UVdpJK5w==",
      "license": "BSD-3-Clause",
      "engines": {
        "node": ">=12.0.0"
      }
    },
    "node_modules/marked": {
      "version": "16.2.1",
      "resolved": "https://registry.npmjs.org/marked/-/marked-16.2.1.tgz",
      "integrity": "sha512-r3UrXED9lMlHF97jJByry90cwrZBBvZmjG1L68oYfuPMW+uDTnuMbyJDymCWwbTE+f+3LhpNDKfpR3a3saFyjA==",
      "license": "MIT",
      "peer": true,
      "bin": {
        "marked": "bin/marked.js"
      },
      "engines": {
        "node": ">= 20"
      }
    },
    "node_modules/marked-highlight": {
      "version": "2.2.2",
      "resolved": "https://registry.npmjs.org/marked-highlight/-/marked-highlight-2.2.2.tgz",
      "integrity": "sha512-KlHOP31DatbtPPXPaI8nx1KTrG3EW0Z5zewCwpUj65swbtKOTStteK3sNAjBqV75Pgo3fNEVNHeptg18mDuWgw==",
      "license": "MIT",
      "peerDependencies": {
        "marked": ">=4 <17"
      }
    },
    "node_modules/normalize.css": {
      "version": "8.0.1",
      "resolved": "https://registry.npmjs.org/normalize.css/-/normalize.css-8.0.1.tgz",
      "integrity": "sha512-qizSNPO93t1YUuUhP22btGOo3chcvDFqFaj2TRybP0DMxkHOCTYwp3n34fel4a31ORXy4m1Xq0Gyqpb5m33qIg==",
      "license": "MIT"
    }
  }
}
